# THIS IS AN AUTOGENERATED FILE. DO NOT EDIT THIS FILE DIRECTLY.
# yarn lockfile v1


tabulator-tables@^6.2.0:
  version "6.2.0"
  resolved "https://registry.yarnpkg.com/tabulator-tables/-/tabulator-tables-6.2.0.tgz#48322183130a957dbe83c3a3b4c5025bf5308dc0"
  integrity sha512-x7K2m3sizHJZdjBCn1xH6oewtlkqkXFfKNw2wli7Px7DFSG7dOqrUrRey0LINeuJ0Oyfn17yUWjLZvqRw8V3eA==
